// !$*UTF8*$!
{
	archiveVersion = 1;
	classes = {
	};
	objectVersion = 46;
	objects = {

/* Begin PBXBuildFile section */
		9E6DD3BE1EF783740045B329 /* app.xib in Resources */ = {isa = PBXBuildFile; fileRef = 9E6DD3BD1EF783740045B329 /* app.xib */; };
		9E6DD3C11EF784500045B329 /* DeAppView.m in Sources */ = {isa = PBXBuildFile; fileRef = 9E6DD3C01EF784500045B329 /* DeAppView.m */; };
		9EBFEBEF1EF67BF200FFA9FC /* main.m in Sources */ = {isa = PBXBuildFile; fileRef = 9EBFEBEE1EF67BF200FFA9FC /* main.m */; };
		9EBFEBF21EF67BF200FFA9FC /* AppDelegate.m in Sources */ = {isa = PBXBuildFile; fileRef = 9EBFEBF11EF67BF200FFA9FC /* AppDelegate.m */; };
		9EBFEBF51EF67BF200FFA9FC /* ViewController.m in Sources */ = {isa = PBXBuildFile; fileRef = 9EBFEBF41EF67BF200FFA9FC /* ViewController.m */; };
		9EBFEBF81EF67BF200FFA9FC /* Main.storyboard in Resources */ = {isa = PBXBuildFile; fileRef = 9EBFEBF61EF67BF200FFA9FC /* Main.storyboard */; };
		9EBFEBFA1EF67BF200FFA9FC /* Assets.xcassets in Resources */ = {isa = PBXBuildFile; fileRef = 9EBFEBF91EF67BF200FFA9FC /* Assets.xcassets */; };
		9EBFEBFD1EF67BF200FFA9FC /* LaunchScreen.storyboard in Resources */ = {isa = PBXBuildFile; fileRef = 9EBFEBFB1EF67BF200FFA9FC /* LaunchScreen.storyboard */; };
		9EBFEC081EF67BF200FFA9FC /* _____Tests.m in Sources */ = {isa = PBXBuildFile; fileRef = 9EBFEC071EF67BF200FFA9FC /* _____Tests.m */; };
		9EBFEC131EF67BF200FFA9FC /* _____UITests.m in Sources */ = {isa = PBXBuildFile; fileRef = 9EBFEC121EF67BF200FFA9FC /* _____UITests.m */; };
		9EBFEC211EF6B74F00FFA9FC /* data.plist in Resources */ = {isa = PBXBuildFile; fileRef = 9EBFEC201EF6B74F00FFA9FC /* data.plist */; };
		9EBFEC241EF6BAE100FFA9FC /* DeApp.m in Sources */ = {isa = PBXBuildFile; fileRef = 9EBFEC231EF6BAE100FFA9FC /* DeApp.m */; };
/* End PBXBuildFile section */

/* Begin PBXContainerItemProxy section */
		9EBFEC041EF67BF200FFA9FC /* PBXContainerItemProxy */ = {
			isa = PBXContainerItemProxy;
			containerPortal = 9EBFEBE21EF67BF200FFA9FC /* Project object */;
			proxyType = 1;
			remoteGlobalIDString = 9EBFEBE91EF67BF200FFA9FC;
			remoteInfo = "九宫格下载";
		};
		9EBFEC0F1EF67BF200FFA9FC /* PBXContainerItemProxy */ = {
			isa = PBXContainerItemProxy;
			containerPortal = 9EBFEBE21EF67BF200FFA9FC /* Project object */;
			proxyType = 1;
			remoteGlobalIDString = 9EBFEBE91EF67BF200FFA9FC;
			remoteInfo = "九宫格下载";
		};
/* End PBXContainerItemProxy section */

/* Begin PBXFileReference section */
		9E6DD3BD1EF783740045B329 /* app.xib */ = {isa = PBXFileReference; fileEncoding = 4; lastKnownFileType = file.xib; path = app.xib; sourceTree = "<group>"; };
		9E6DD3BF1EF784500045B329 /* DeAppView.h */ = {isa = PBXFileReference; fileEncoding = 4; lastKnownFileType = sourcecode.c.h; path = DeAppView.h; sourceTree = "<group>"; };
		9E6DD3C01EF784500045B329 /* DeAppView.m */ = {isa = PBXFileReference; fileEncoding = 4; lastKnownFileType = sourcecode.c.objc; path = DeAppView.m; sourceTree = "<group>"; };
		9EBFEBEA1EF67BF200FFA9FC /* 九宫格下载.app */ = {isa = PBXFileReference; explicitFileType = wrapper.application; includeInIndex = 0; path = "九宫格下载.app"; sourceTree = BUILT_PRODUCTS_DIR; };
		9EBFEBEE1EF67BF200FFA9FC /* main.m */ = {isa = PBXFileReference; lastKnownFileType = sourcecode.c.objc; path = main.m; sourceTree = "<group>"; };
		9EBFEBF01EF67BF200FFA9FC /* AppDelegate.h */ = {isa = PBXFileReference; lastKnownFileType = sourcecode.c.h; path = AppDelegate.h; sourceTree = "<group>"; };
		9EBFEBF11EF67BF200FFA9FC /* AppDelegate.m */ = {isa = PBXFileReference; lastKnownFileType = sourcecode.c.objc; path = AppDelegate.m; sourceTree = "<group>"; };
		9EBFEBF31EF67BF200FFA9FC /* ViewController.h */ = {isa = PBXFileReference; lastKnownFileType = sourcecode.c.h; path = ViewController.h; sourceTree = "<group>"; };
		9EBFEBF41EF67BF200FFA9FC /* ViewController.m */ = {isa = PBXFileReference; lastKnownFileType = sourcecode.c.objc; path = ViewController.m; sourceTree = "<group>"; };
		9EBFEBF71EF67BF200FFA9FC /* Base */ = {isa = PBXFileReference; lastKnownFileType = file.storyboard; name = Base; path = Base.lproj/Main.storyboard; sourceTree = "<group>"; };
		9EBFEBF91EF67BF200FFA9FC /* Assets.xcassets */ = {isa = PBXFileReference; lastKnownFileType = folder.assetcatalog; path = Assets.xcassets; sourceTree = "<group>"; };
		9EBFEBFC1EF67BF200FFA9FC /* Base */ = {isa = PBXFileReference; lastKnownFileType = file.storyboard; name = Base; path = Base.lproj/LaunchScreen.storyboard; sourceTree = "<group>"; };
		9EBFEBFE1EF67BF200FFA9FC /* Info.plist */ = {isa = PBXFileReference; lastKnownFileType = text.plist.xml; path = Info.plist; sourceTree = "<group>"; };
		9EBFEC031EF67BF200FFA9FC /* 九宫格下载Tests.xctest */ = {isa = PBXFileReference; explicitFileType = wrapper.cfbundle; includeInIndex = 0; path = "九宫格下载Tests.xctest"; sourceTree = BUILT_PRODUCTS_DIR; };
		9EBFEC071EF67BF200FFA9FC /* _____Tests.m */ = {isa = PBXFileReference; lastKnownFileType = sourcecode.c.objc; path = "_____Tests.m"; sourceTree = "<group>"; };
		9EBFEC091EF67BF200FFA9FC /* Info.plist */ = {isa = PBXFileReference; lastKnownFileType = text.plist.xml; path = Info.plist; sourceTree = "<group>"; };
		9EBFEC0E1EF67BF200FFA9FC /* 九宫格下载UITests.xctest */ = {isa = PBXFileReference; explicitFileType = wrapper.cfbundle; includeInIndex = 0; path = "九宫格下载UITests.xctest"; sourceTree = BUILT_PRODUCTS_DIR; };
		9EBFEC121EF67BF200FFA9FC /* _____UITests.m */ = {isa = PBXFileReference; lastKnownFileType = sourcecode.c.objc; path = "_____UITests.m"; sourceTree = "<group>"; };
		9EBFEC141EF67BF200FFA9FC /* Info.plist */ = {isa = PBXFileReference; lastKnownFileType = text.plist.xml; path = Info.plist; sourceTree = "<group>"; };
		9EBFEC201EF6B74F00FFA9FC /* data.plist */ = {isa = PBXFileReference; fileEncoding = 4; lastKnownFileType = text.plist.xml; path = data.plist; sourceTree = "<group>"; };
		9EBFEC221EF6BAE100FFA9FC /* DeApp.h */ = {isa = PBXFileReference; fileEncoding = 4; lastKnownFileType = sourcecode.c.h; path = DeApp.h; sourceTree = "<group>"; };
		9EBFEC231EF6BAE100FFA9FC /* DeApp.m */ = {isa = PBXFileReference; fileEncoding = 4; lastKnownFileType = sourcecode.c.objc; path = DeApp.m; sourceTree = "<group>"; };
/* End PBXFileReference section */

/* Begin PBXFrameworksBuildPhase section */
		9EBFEBE71EF67BF200FFA9FC /* Frameworks */ = {
			isa = PBXFrameworksBuildPhase;
			buildActionMask = 2147483647;
			files = (
			);
			runOnlyForDeploymentPostprocessing = 0;
		};
		9EBFEC001EF67BF200FFA9FC /* Frameworks */ = {
			isa = PBXFrameworksBuildPhase;
			buildActionMask = 2147483647;
			files = (
			);
			runOnlyForDeploymentPostprocessing = 0;
		};
		9EBFEC0B1EF67BF200FFA9FC /* Frameworks */ = {
			isa = PBXFrameworksBuildPhase;
			buildActionMask = 2147483647;
			files = (
			);
			runOnlyForDeploymentPostprocessing = 0;
		};
/* End PBXFrameworksBuildPhase section */

/* Begin PBXGroup section */
		9EBFEBE11EF67BF200FFA9FC = {
			isa = PBXGroup;
			children = (
				9EBFEBEC1EF67BF200FFA9FC /* 九宫格下载 */,
				9EBFEC061EF67BF200FFA9FC /* 九宫格下载Tests */,
				9EBFEC111EF67BF200FFA9FC /* 九宫格下载UITests */,
				9EBFEBEB1EF67BF200FFA9FC /* Products */,
			);
			sourceTree = "<group>";
		};
		9EBFEBEB1EF67BF200FFA9FC /* Products */ = {
			isa = PBXGroup;
			children = (
				9EBFEBEA1EF67BF200FFA9FC /* 九宫格下载.app */,
				9EBFEC031EF67BF200FFA9FC /* 九宫格下载Tests.xctest */,
				9EBFEC0E1EF67BF200FFA9FC /* 九宫格下载UITests.xctest */,
			);
			name = Products;
			sourceTree = "<group>";
		};
		9EBFEBEC1EF67BF200FFA9FC /* 九宫格下载 */ = {
			isa = PBXGroup;
			children = (
				9EBFEBF01EF67BF200FFA9FC /* AppDelegate.h */,
				9EBFEBF11EF67BF200FFA9FC /* AppDelegate.m */,
				9EBFEBF31EF67BF200FFA9FC /* ViewController.h */,
				9EBFEBF41EF67BF200FFA9FC /* ViewController.m */,
				9EBFEBF61EF67BF200FFA9FC /* Main.storyboard */,
				9EBFEBF91EF67BF200FFA9FC /* Assets.xcassets */,
				9EBFEBFB1EF67BF200FFA9FC /* LaunchScreen.storyboard */,
				9EBFEBFE1EF67BF200FFA9FC /* Info.plist */,
				9EBFEBED1EF67BF200FFA9FC /* Supporting Files */,
				9EBFEC221EF6BAE100FFA9FC /* DeApp.h */,
				9EBFEC231EF6BAE100FFA9FC /* DeApp.m */,
				9E6DD3BF1EF784500045B329 /* DeAppView.h */,
				9E6DD3C01EF784500045B329 /* DeAppView.m */,
			);
			path = "九宫格下载";
			sourceTree = "<group>";
		};
		9EBFEBED1EF67BF200FFA9FC /* Supporting Files */ = {
			isa = PBXGroup;
			children = (
				9E6DD3BD1EF783740045B329 /* app.xib */,
				9EBFEC201EF6B74F00FFA9FC /* data.plist */,
				9EBFEBEE1EF67BF200FFA9FC /* main.m */,
			);
			name = "Supporting Files";
			sourceTree = "<group>";
		};
		9EBFEC061EF67BF200FFA9FC /* 九宫格下载Tests */ = {
			isa = PBXGroup;
			children = (
				9EBFEC071EF67BF200FFA9FC /* _____Tests.m */,
				9EBFEC091EF67BF200FFA9FC /* Info.plist */,
			);
			path = "九宫格下载Tests";
			sourceTree = "<group>";
		};
		9EBFEC111EF67BF200FFA9FC /* 九宫格下载UITests */ = {
			isa = PBXGroup;
			children = (
				9EBFEC121EF67BF200FFA9FC /* _____UITests.m */,
				9EBFEC141EF67BF200FFA9FC /* Info.plist */,
			);
			path = "九宫格下载UITests";
			sourceTree = "<group>";
		};
/* End PBXGroup section */

/* Begin PBXNativeTarget section */
		9EBFEBE91EF67BF200FFA9FC /* 九宫格下载 */ = {
			isa = PBXNativeTarget;
			buildConfigurationList = 9EBFEC171EF67BF200FFA9FC /* Build configuration list for PBXNativeTarget "九宫格下载" */;
			buildPhases = (
				9EBFEBE61EF67BF200FFA9FC /* Sources */,
				9EBFEBE71EF67BF200FFA9FC /* Frameworks */,
				9EBFEBE81EF67BF200FFA9FC /* Resources */,
			);
			buildRules = (
			);
			dependencies = (
			);
			name = "九宫格下载";
			productName = "九宫格下载";
			productReference = 9EBFEBEA1EF67BF200FFA9FC /* 九宫格下载.app */;
			productType = "com.apple.product-type.application";
		};
		9EBFEC021EF67BF200FFA9FC /* 九宫格下载Tests */ = {
			isa = PBXNativeTarget;
			buildConfigurationList = 9EBFEC1A1EF67BF200FFA9FC /* Build configuration list for PBXNativeTarget "九宫格下载Tests" */;
			buildPhases = (
				9EBFEBFF1EF67BF200FFA9FC /* Sources */,
				9EBFEC001EF67BF200FFA9FC /* Frameworks */,
				9EBFEC011EF67BF200FFA9FC /* Resources */,
			);
			buildRules = (
			);
			dependencies = (
				9EBFEC051EF67BF200FFA9FC /* PBXTargetDependency */,
			);
			name = "九宫格下载Tests";
			productName = "九宫格下载Tests";
			productReference = 9EBFEC031EF67BF200FFA9FC /* 九宫格下载Tests.xctest */;
			productType = "com.apple.product-type.bundle.unit-test";
		};
		9EBFEC0D1EF67BF200FFA9FC /* 九宫格下载UITests */ = {
			isa = PBXNativeTarget;
			buildConfigurationList = 9EBFEC1D1EF67BF200FFA9FC /* Build configuration list for PBXNativeTarget "九宫格下载UITests" */;
			buildPhases = (
				9EBFEC0A1EF67BF200FFA9FC /* Sources */,
				9EBFEC0B1EF67BF200FFA9FC /* Frameworks */,
				9EBFEC0C1EF67BF200FFA9FC /* Resources */,
			);
			buildRules = (
			);
			dependencies = (
				9EBFEC101EF67BF200FFA9FC /* PBXTargetDependency */,
			);
			name = "九宫格下载UITests";
			productName = "九宫格下载UITests";
			productReference = 9EBFEC0E1EF67BF200FFA9FC /* 九宫格下载UITests.xctest */;
			productType = "com.apple.product-type.bundle.ui-testing";
		};
/* End PBXNativeTarget section */

/* Begin PBXProject section */
		9EBFEBE21EF67BF200FFA9FC /* Project object */ = {
			isa = PBXProject;
			attributes = {
				LastUpgradeCheck = 0720;
				ORGANIZATIONNAME = xiongtao;
				TargetAttributes = {
					9EBFEBE91EF67BF200FFA9FC = {
						CreatedOnToolsVersion = 7.2;
					};
					9EBFEC021EF67BF200FFA9FC = {
						CreatedOnToolsVersion = 7.2;
						TestTargetID = 9EBFEBE91EF67BF200FFA9FC;
					};
					9EBFEC0D1EF67BF200FFA9FC = {
						CreatedOnToolsVersion = 7.2;
						TestTargetID = 9EBFEBE91EF67BF200FFA9FC;
					};
				};
			};
			buildConfigurationList = 9EBFEBE51EF67BF200FFA9FC /* Build configuration list for PBXProject "九宫格下载" */;
			compatibilityVersion = "Xcode 3.2";
			developmentRegion = English;
			hasScannedForEncodings = 0;
			knownRegions = (
				en,
				Base,
			);
			mainGroup = 9EBFEBE11EF67BF200FFA9FC;
			productRefGroup = 9EBFEBEB1EF67BF200FFA9FC /* Products */;
			projectDirPath = "";
			projectRoot = "";
			targets = (
				9EBFEBE91EF67BF200FFA9FC /* 九宫格下载 */,
				9EBFEC021EF67BF200FFA9FC /* 九宫格下载Tests */,
				9EBFEC0D1EF67BF200FFA9FC /* 九宫格下载UITests */,
			);
		};
/* End PBXProject section */

/* Begin PBXResourcesBuildPhase section */
		9EBFEBE81EF67BF200FFA9FC /* Resources */ = {
			isa = PBXResourcesBuildPhase;
			buildActionMask = 2147483647;
			files = (
				9E6DD3BE1EF783740045B329 /* app.xib in Resources */,
				9EBFEBFD1EF67BF200FFA9FC /* LaunchScreen.storyboard in Resources */,
				9EBFEBFA1EF67BF200FFA9FC /* Assets.xcassets in Resources */,
				9EBFEC211EF6B74F00FFA9FC /* data.plist in Resources */,
				9EBFEBF81EF67BF200FFA9FC /* Main.storyboard in Resources */,
			);
			runOnlyForDeploymentPostprocessing = 0;
		};
		9EBFEC011EF67BF200FFA9FC /* Resources */ = {
			isa = PBXResourcesBuildPhase;
			buildActionMask = 2147483647;
			files = (
			);
			runOnlyForDeploymentPostprocessing = 0;
		};
		9EBFEC0C1EF67BF200FFA9FC /* Resources */ = {
			isa = PBXResourcesBuildPhase;
			buildActionMask = 2147483647;
			files = (
			);
			runOnlyForDeploymentPostprocessing = 0;
		};
/* End PBXResourcesBuildPhase section */

/* Begin PBXSourcesBuildPhase section */
		9EBFEBE61EF67BF200FFA9FC /* Sources */ = {
			isa = PBXSourcesBuildPhase;
			buildActionMask = 2147483647;
			files = (
				9EBFEC241EF6BAE100FFA9FC /* DeApp.m in Sources */,
				9EBFEBF51EF67BF200FFA9FC /* ViewController.m in Sources */,
				9E6DD3C11EF784500045B329 /* DeAppView.m in Sources */,
				9EBFEBF21EF67BF200FFA9FC /* AppDelegate.m in Sources */,
				9EBFEBEF1EF67BF200FFA9FC /* main.m in Sources */,
			);
			runOnlyForDeploymentPostprocessing = 0;
		};
		9EBFEBFF1EF67BF200FFA9FC /* Sources */ = {
			isa = PBXSourcesBuildPhase;
			buildActionMask = 2147483647;
			files = (
				9EBFEC081EF67BF200FFA9FC /* _____Tests.m in Sources */,
			);
			runOnlyForDeploymentPostprocessing = 0;
		};
		9EBFEC0A1EF67BF200FFA9FC /* Sources */ = {
			isa = PBXSourcesBuildPhase;
			buildActionMask = 2147483647;
			files = (
				9EBFEC131EF67BF200FFA9FC /* _____UITests.m in Sources */,
			);
			runOnlyForDeploymentPostprocessing = 0;
		};
/* End PBXSourcesBuildPhase section */

/* Begin PBXTargetDependency section */
		9EBFEC051EF67BF200FFA9FC /* PBXTargetDependency */ = {
			isa = PBXTargetDependency;
			target = 9EBFEBE91EF67BF200FFA9FC /* 九宫格下载 */;
			targetProxy = 9EBFEC041EF67BF200FFA9FC /* PBXContainerItemProxy */;
		};
		9EBFEC101EF67BF200FFA9FC /* PBXTargetDependency */ = {
			isa = PBXTargetDependency;
			target = 9EBFEBE91EF67BF200FFA9FC /* 九宫格下载 */;
			targetProxy = 9EBFEC0F1EF67BF200FFA9FC /* PBXContainerItemProxy */;
		};
/* End PBXTargetDependency section */

/* Begin PBXVariantGroup section */
		9EBFEBF61EF67BF200FFA9FC /* Main.storyboard */ = {
			isa = PBXVariantGroup;
			children = (
				9EBFEBF71EF67BF200FFA9FC /* Base */,
			);
			name = Main.storyboard;
			sourceTree = "<group>";
		};
		9EBFEBFB1EF67BF200FFA9FC /* LaunchScreen.storyboard */ = {
			isa = PBXVariantGroup;
			children = (
				9EBFEBFC1EF67BF200FFA9FC /* Base */,
			);
			name = LaunchScreen.storyboard;
			sourceTree = "<group>";
		};
/* End PBXVariantGroup section */

/* Begin XCBuildConfiguration section */
		9EBFEC151EF67BF200FFA9FC /* Debug */ = {
			isa = XCBuildConfiguration;
			buildSettings = {
				ALWAYS_SEARCH_USER_PATHS = NO;
				CLANG_CXX_LANGUAGE_STANDARD = "gnu++0x";
				CLANG_CXX_LIBRARY = "libc++";
				CLANG_ENABLE_MODULES = YES;
				CLANG_ENABLE_OBJC_ARC = YES;
				CLANG_WARN_BOOL_CONVERSION = YES;
				CLANG_WARN_CONSTANT_CONVERSION = YES;
				CLANG_WARN_DIRECT_OBJC_ISA_USAGE = YES_ERROR;
				CLANG_WARN_EMPTY_BODY = YES;
				CLANG_WARN_ENUM_CONVERSION = YES;
				CLANG_WARN_INT_CONVERSION = YES;
				CLANG_WARN_OBJC_ROOT_CLASS = YES_ERROR;
				CLANG_WARN_UNREACHABLE_CODE = YES;
				CLANG_WARN__DUPLICATE_METHOD_MATCH = YES;
				"CODE_SIGN_IDENTITY[sdk=iphoneos*]" = "iPhone Developer";
				COPY_PHASE_STRIP = NO;
				DEBUG_INFORMATION_FORMAT = dwarf;
				ENABLE_STRICT_OBJC_MSGSEND = YES;
				ENABLE_TESTABILITY = YES;
				GCC_C_LANGUAGE_STANDARD = gnu99;
				GCC_DYNAMIC_NO_PIC = NO;
				GCC_NO_COMMON_BLOCKS = YES;
				GCC_OPTIMIZATION_LEVEL = 0;
				GCC_PREPROCESSOR_DEFINITIONS = (
					"DEBUG=1",
					"$(inherited)",
				);
				GCC_WARN_64_TO_32_BIT_CONVERSION = YES;
				GCC_WARN_ABOUT_RETURN_TYPE = YES_ERROR;
				GCC_WARN_UNDECLARED_SELECTOR = YES;
				GCC_WARN_UNINITIALIZED_AUTOS = YES_AGGRESSIVE;
				GCC_WARN_UNUSED_FUNCTION = YES;
				GCC_WARN_UNUSED_VARIABLE = YES;
				IPHONEOS_DEPLOYMENT_TARGET = 9.2;
				MTL_ENABLE_DEBUG_INFO = YES;
				ONLY_ACTIVE_ARCH = YES;
				SDKROOT = iphoneos;
			};
			name = Debug;
		};
		9EBFEC161EF67BF200FFA9FC /* Release */ = {
			isa = XCBuildConfiguration;
			buildSettings = {
				ALWAYS_SEARCH_USER_PATHS = NO;
				CLANG_CXX_LANGUAGE_STANDARD = "gnu++0x";
				CLANG_CXX_LIBRARY = "libc++";
				CLANG_ENABLE_MODULES = YES;
				CLANG_ENABLE_OBJC_ARC = YES;
				CLANG_WARN_BOOL_CONVERSION = YES;
				CLANG_WARN_CONSTANT_CONVERSION = YES;
				CLANG_WARN_DIRECT_OBJC_ISA_USAGE = YES_ERROR;
				CLANG_WARN_EMPTY_BODY = YES;
				CLANG_WARN_ENUM_CONVERSION = YES;
				CLANG_WARN_INT_CONVERSION = YES;
				CLANG_WARN_OBJC_ROOT_CLASS = YES_ERROR;
				CLANG_WARN_UNREACHABLE_CODE = YES;
				CLANG_WARN__DUPLICATE_METHOD_MATCH = YES;
				"CODE_SIGN_IDENTITY[sdk=iphoneos*]" = "iPhone Developer";
				COPY_PHASE_STRIP = NO;
				DEBUG_INFORMATION_FORMAT = "dwarf-with-dsym";
				ENABLE_NS_ASSERTIONS = NO;
				ENABLE_STRICT_OBJC_MSGSEND = YES;
				GCC_C_LANGUAGE_STANDARD = gnu99;
				GCC_NO_COMMON_BLOCKS = YES;
				GCC_WARN_64_TO_32_BIT_CONVERSION = YES;
				GCC_WARN_ABOUT_RETURN_TYPE = YES_ERROR;
				GCC_WARN_UNDECLARED_SELECTOR = YES;
				GCC_WARN_UNINITIALIZED_AUTOS = YES_AGGRESSIVE;
				GCC_WARN_UNUSED_FUNCTION = YES;
				GCC_WARN_UNUSED_VARIABLE = YES;
				IPHONEOS_DEPLOYMENT_TARGET = 9.2;
				MTL_ENABLE_DEBUG_INFO = NO;
				SDKROOT = iphoneos;
				VALIDATE_PRODUCT = YES;
			};
			name = Release;
		};
		9EBFEC181EF67BF200FFA9FC /* Debug */ = {
			isa = XCBuildConfiguration;
			buildSettings = {
				ASSETCATALOG_COMPILER_APPICON_NAME = AppIcon;
				INFOPLIST_FILE = "九宫格下载/Info.plist";
				LD_RUNPATH_SEARCH_PATHS = "$(inherited) @executable_path/Frameworks";
				PRODUCT_BUNDLE_IDENTIFIER = "com.easylover.-----";
				PRODUCT_NAME = "$(TARGET_NAME)";
			};
			name = Debug;
		};
		9EBFEC191EF67BF200FFA9FC /* Release */ = {
			isa = XCBuildConfiguration;
			buildSettings = {
				ASSETCATALOG_COMPILER_APPICON_NAME = AppIcon;
				INFOPLIST_FILE = "九宫格下载/Info.plist";
				LD_RUNPATH_SEARCH_PATHS = "$(inherited) @executable_path/Frameworks";
				PRODUCT_BUNDLE_IDENTIFIER = "com.easylover.-----";
				PRODUCT_NAME = "$(TARGET_NAME)";
			};
			name = Release;
		};
		9EBFEC1B1EF67BF200FFA9FC /* Debug */ = {
			isa = XCBuildConfiguration;
			buildSettings = {
				BUNDLE_LOADER = "$(TEST_HOST)";
				INFOPLIST_FILE = "九宫格下载Tests/Info.plist";
				LD_RUNPATH_SEARCH_PATHS = "$(inherited) @executable_path/Frameworks @loader_path/Frameworks";
				PRODUCT_BUNDLE_IDENTIFIER = "com.easylover.-----Tests";
				PRODUCT_NAME = "$(TARGET_NAME)";
				TEST_HOST = "$(BUILT_PRODUCTS_DIR)/九宫格下载.app/九宫格下载";
			};
			name = Debug;
		};
		9EBFEC1C1EF67BF200FFA9FC /* Release */ = {
			isa = XCBuildConfiguration;
			buildSettings = {
				BUNDLE_LOADER = "$(TEST_HOST)";
				INFOPLIST_FILE = "九宫格下载Tests/Info.plist";
				LD_RUNPATH_SEARCH_PATHS = "$(inherited) @executable_path/Frameworks @loader_path/Frameworks";
				PRODUCT_BUNDLE_IDENTIFIER = "com.easylover.-----Tests";
				PRODUCT_NAME = "$(TARGET_NAME)";
				TEST_HOST = "$(BUILT_PRODUCTS_DIR)/九宫格下载.app/九宫格下载";
			};
			name = Release;
		};
		9EBFEC1E1EF67BF200FFA9FC /* Debug */ = {
			isa = XCBuildConfiguration;
			buildSettings = {
				INFOPLIST_FILE = "九宫格下载UITests/Info.plist";
				LD_RUNPATH_SEARCH_PATHS = "$(inherited) @executable_path/Frameworks @loader_path/Frameworks";
				PRODUCT_BUNDLE_IDENTIFIER = "com.easylover.-----UITests";
				PRODUCT_NAME = "$(TARGET_NAME)";
				TEST_TARGET_NAME = "九宫格下载";
				USES_XCTRUNNER = YES;
			};
			name = Debug;
		};
		9EBFEC1F1EF67BF200FFA9FC /* Release */ = {
			isa = XCBuildConfiguration;
			buildSettings = {
				INFOPLIST_FILE = "九宫格下载UITests/Info.plist";
				LD_RUNPATH_SEARCH_PATHS = "$(inherited) @executable_path/Frameworks @loader_path/Frameworks";
				PRODUCT_BUNDLE_IDENTIFIER = "com.easylover.-----UITests";
				PRODUCT_NAME = "$(TARGET_NAME)";
				TEST_TARGET_NAME = "九宫格下载";
				USES_XCTRUNNER = YES;
			};
			name = Release;
		};
/* End XCBuildConfiguration section */

/* Begin XCConfigurationList section */
		9EBFEBE51EF67BF200FFA9FC /* Build configuration list for PBXProject "九宫格下载" */ = {
			isa = XCConfigurationList;
			buildConfigurations = (
				9EBFEC151EF67BF200FFA9FC /* Debug */,
				9EBFEC161EF67BF200FFA9FC /* Release */,
			);
			defaultConfigurationIsVisible = 0;
			defaultConfigurationName = Release;
		};
		9EBFEC171EF67BF200FFA9FC /* Build configuration list for PBXNativeTarget "九宫格下载" */ = {
			isa = XCConfigurationList;
			buildConfigurations = (
				9EBFEC181EF67BF200FFA9FC /* Debug */,
				9EBFEC191EF67BF200FFA9FC /* Release */,
			);
			defaultConfigurationIsVisible = 0;
			defaultConfigurationName = Release;
		};
		9EBFEC1A1EF67BF200FFA9FC /* Build configuration list for PBXNativeTarget "九宫格下载Tests" */ = {
			isa = XCConfigurationList;
			buildConfigurations = (
				9EBFEC1B1EF67BF200FFA9FC /* Debug */,
				9EBFEC1C1EF67BF200FFA9FC /* Release */,
			);
			defaultConfigurationIsVisible = 0;
			defaultConfigurationName = Release;
		};
		9EBFEC1D1EF67BF200FFA9FC /* Build configuration list for PBXNativeTarget "九宫格下载UITests" */ = {
			isa = XCConfigurationList;
			buildConfigurations = (
				9EBFEC1E1EF67BF200FFA9FC /* Debug */,
				9EBFEC1F1EF67BF200FFA9FC /* Release */,
			);
			defaultConfigurationIsVisible = 0;
			defaultConfigurationName = Release;
		};
/* End XCConfigurationList section */
	};
	rootObject = 9EBFEBE21EF67BF200FFA9FC /* Project object */;
}
